
Microsoft Visual Studio Solution File, Format Version 12.00
# Visual Studio Version 16
VisualStudioVersion = 16.0.32510.428
MinimumVisualStudioVersion = 10.0.40219.1
Project("{FAE04EC0-301F-11D3-BF4B-00C04F79EFBC}") = "HMS.Entities", "HMS.Entities\HMS.Entities.csproj", "{44528427-6C18-4B66-B69D-1359A62F8C54}"
EndProject
Project("{FAE04EC0-301F-11D3-BF4B-00C04F79EFBC}") = "HMS.Data", "HMS.Data\HMS.Data.csproj", "{69089AF1-4B36-4350-B739-D543E11074B3}"
EndProject
Project("{FAE04EC0-301F-11D3-BF4B-00C04F79EFBC}") = "HMS.Web", "HMS.Web\HMS.Web.csproj", "{832ED3F5-4093-423F-93B3-23DF805714B4}"
EndProject
Project("{FAE04EC0-301F-11D3-BF4B-00C04F79EFBC}") = "HMS.Services", "HMS.Services\HMS.Services.csproj", "{843E238B-C978-4FEE-8B46-3311C4BF333D}"
EndProject
Global
	GlobalSection(SolutionConfigurationPlatforms) = preSolution
		Debug|Any CPU = Debug|Any CPU
		Release|Any CPU = Release|Any CPU
	EndGlobalSection
	GlobalSection(ProjectConfigurationPlatforms) = postSolution
		{44528427-6C18-4B66-B69D-1359A62F8C54}.Debug|Any CPU.ActiveCfg = Debug|Any CPU
		{44528427-6C18-4B66-B69D-1359A62F8C54}.Debug|Any CPU.Build.0 = Debug|Any CPU
		{44528427-6C18-4B66-B69D-1359A62F8C54}.Release|Any CPU.ActiveCfg = Release|Any CPU
		{44528427-6C18-4B66-B69D-1359A62F8C54}.Release|Any CPU.Build.0 = Release|Any CPU
		{69089AF1-4B36-4350-B739-D543E11074B3}.Debug|Any CPU.ActiveCfg = Debug|Any CPU
		{69089AF1-4B36-4350-B739-D543E11074B3}.Debug|Any CPU.Build.0 = Debug|Any CPU
		{69089AF1-4B36-4350-B739-D543E11074B3}.Release|Any CPU.ActiveCfg = Release|Any CPU
		{69089AF1-4B36-4350-B739-D543E11074B3}.Release|Any CPU.Build.0 = Release|Any CPU
		{832ED3F5-4093-423F-93B3-23DF805714B4}.Debug|Any CPU.ActiveCfg = Debug|Any CPU
		{832ED3F5-4093-423F-93B3-23DF805714B4}.Debug|Any CPU.Build.0 = Debug|Any CPU
		{832ED3F5-4093-423F-93B3-23DF805714B4}.Release|Any CPU.ActiveCfg = Release|Any CPU
		{832ED3F5-4093-423F-93B3-23DF805714B4}.Release|Any CPU.Build.0 = Release|Any CPU
		{843E238B-C978-4FEE-8B46-3311C4BF333D}.Debug|Any CPU.ActiveCfg = Debug|Any CPU
		{843E238B-C978-4FEE-8B46-3311C4BF333D}.Debug|Any CPU.Build.0 = Debug|Any CPU
		{843E238B-C978-4FEE-8B46-3311C4BF333D}.Release|Any CPU.ActiveCfg = Release|Any CPU
		{843E238B-C978-4FEE-8B46-3311C4BF333D}.Release|Any CPU.Build.0 = Release|Any CPU
	EndGlobalSection
	GlobalSection(SolutionProperties) = preSolution
		HideSolutionNode = FALSE
	EndGlobalSection
	GlobalSection(ExtensibilityGlobals) = postSolution
		SolutionGuid = {59617715-958B-4AE1-A1B4-C1BEDD5F3991}
	EndGlobalSection
EndGlobal
